version = 1
requires-python = "==3.12.8"

[[package]]
name = "annotated-types"
version = "0.7.0"
source = { registry = "https://pypi.org/simple" }
sdist = { url = "https://files.pythonhosted.org/packages/ee/67/531ea369ba64dcff5ec9c3402f9f51bf748cec26dde048a2f973a4eea7f5/annotated_types-0.7.0.tar.gz", hash = "sha256:aff07c09a53a08bc8cfccb9c85b05f1aa9a2a6f23728d790723543408344ce89", size = 16081 }
wheels = [
    { url = "https://files.pythonhosted.org/packages/78/b6/6307fbef88d9b5ee7421e68d78a9f162e0da4900bc5f5793f6d3d0e34fb8/annotated_types-0.7.0-py3-none-any.whl", hash = "sha256:1f02e8b43a8fbbc3f3e0d4f0f4bfc8131bcb4eebe8849b8e5c773f3a1c582a53", size = 13643 },
]

[[package]]
name = "aws-lambda-powertools"
version = "3.19.0"
source = { registry = "https://pypi.org/simple" }
dependencies = [
    { name = "jmespath" },
    { name = "typing-extensions" },
]
sdist = { url = "https://files.pythonhosted.org/packages/58/db/eb2708f7c27ab02b8d85936ce9308538e1e22c8c8224be5f00da3e6f44f7/aws_lambda_powertools-3.19.0.tar.gz", hash = "sha256:8897ba4be0b3a51f2b8f68946d650f3ef574fa2c40395544de03bd0c61979999", size = 689768 }
wheels = [
    { url = "https://files.pythonhosted.org/packages/c6/52/5a73194286af329309263e9c4e2a57b8feac63bb6027be8d2d6222cd4da7/aws_lambda_powertools-3.19.0-py3-none-any.whl", hash = "sha256:98f18d35f843cd46b80ccadcf39eefc0c489325bea116383bd93048a5241d9fc", size = 832645 },
]

[package.optional-dependencies]
parser = [
    { name = "pydantic" },
]

[[package]]
name = "baml-py"
version = "0.86.1"
source = { registry = "https://pypi.org/simple" }
wheels = [
    { url = "https://files.pythonhosted.org/packages/92/ee/b59d25d1479bb9ad2f4b3ca428b93790c4668b4d15d0e411545d974e6851/baml_py-0.86.1-cp38-abi3-macosx_10_12_x86_64.whl", hash = "sha256:48de0882d28cd94552ab5f048439b4aa59e0d44a0c72801474f3f7b0f62118ba", size = 15860514 },
    { url = "https://files.pythonhosted.org/packages/2d/a7/4ae7b1ab8023307da44f776d4aa099266a19387a40297f2a108670acea0e/baml_py-0.86.1-cp38-abi3-macosx_11_0_arm64.whl", hash = "sha256:de66ee9799a7b00d1b7e199393db9c596941664e03e4c41c47286ad893b92bc8", size = 14773422 },
    { url = "https://files.pythonhosted.org/packages/75/7d/f4f587b468307bce5d4cc91e95f3a13cd75828bf11f080a58d951fb76b92/baml_py-0.86.1-cp38-abi3-manylinux_2_17_x86_64.manylinux2014_x86_64.whl", hash = "sha256:9f17f406986349736812837866a2c6bc023897da0d2aa978f4c845aff353304c", size = 18234779 },
    { url = "https://files.pythonhosted.org/packages/6a/e0/766c92a8901fdf2ea5abbb5e74ed39f85d31a858372bf256c86b61653274/baml_py-0.86.1-cp38-abi3-manylinux_2_24_aarch64.whl", hash = "sha256:fcb1317a34a3423e076e895af7a24d74a15116be9dc5b62e644d7b9cb7a75b83", size = 17577944 },
    { url = "https://files.pythonhosted.org/packages/06/ce/23b1e11171743692f9a3cad16a09aee573d5ed21008ac5bae06ba1826469/baml_py-0.86.1-cp38-abi3-musllinux_1_1_aarch64.whl", hash = "sha256:81baa2d3909192078638a111af53f219d6e06416227fb254b0d001ecfc52fbd6", size = 17785832 },
    { url = "https://files.pythonhosted.org/packages/a9/d9/52d59cd5f325b267425c1d13e7affc4cb6ca83147065cebf9baaad57d6ae/baml_py-0.86.1-cp38-abi3-musllinux_1_1_x86_64.whl", hash = "sha256:9ead43a3354b54de21122887a096836eadf5be5c17c7b266ac47751481580fb0", size = 18411101 },
    { url = "https://files.pythonhosted.org/packages/5b/f7/9e6009c4d5a8fe680e770228ce9f314bab70e6379643bccc3b07a4ce50d6/baml_py-0.86.1-cp38-abi3-win_amd64.whl", hash = "sha256:1ec46479c45ce42eb364670816f52eca4355b99280ca85786f12f01f906085db", size = 15895813 },
]

[[package]]
name = "boto3"
version = "1.40.11"
source = { registry = "https://pypi.org/simple" }
dependencies = [
    { name = "botocore" },
    { name = "jmespath" },
    { name = "s3transfer" },
]
sdist = { url = "https://files.pythonhosted.org/packages/1c/92/3ffa75ed0594ef289dde3dde9e1d62a496515313f11caee499a5dfd2241d/boto3-1.40.11.tar.gz", hash = "sha256:0c03da130467d51c6b940d19be295c56314e14ce0f0464cc86145e98d3c9e983", size = 112060 }
wheels = [
    { url = "https://files.pythonhosted.org/packages/51/4a/5d33b6046d425c9b39d36a1171ea87a9c3b297ba116952b81033eae61260/boto3-1.40.11-py3-none-any.whl", hash = "sha256:9d2d211d9cb3efc9a2b2ceec3c510b4e62e389618fd5c871e74d2cbca4561ff5", size = 140072 },
]

[[package]]
name = "boto3-stubs"
version = "1.40.11"
source = { registry = "https://pypi.org/simple" }
dependencies = [
    { name = "botocore-stubs" },
    { name = "types-s3transfer" },
]
sdist = { url = "https://files.pythonhosted.org/packages/d1/e8/a7ead6f74cbec7efe0baa56f64b653de35328d58e725cef0221856935a21/boto3_stubs-1.40.11.tar.gz", hash = "sha256:99b42d4bd686eea9fc28a53d0118f34343563f59082c2e59bce863d9b6b3e267", size = 101198 }
wheels = [
    { url = "https://files.pythonhosted.org/packages/69/3c/597bf4da07ab7a8e764fd8513eb47cd4c95f722d2de588be70c718f00a00/boto3_stubs-1.40.11-py3-none-any.whl", hash = "sha256:2168406f53eee00329ba975266174ec8149e3d334bd65af0bbc853893428dab1", size = 69897 },
]

[package.optional-dependencies]
essential = [
    { name = "mypy-boto3-cloudformation" },
    { name = "mypy-boto3-dynamodb" },
    { name = "mypy-boto3-ec2" },
    { name = "mypy-boto3-lambda" },
    { name = "mypy-boto3-rds" },
    { name = "mypy-boto3-s3" },
    { name = "mypy-boto3-sqs" },
]

[[package]]
name = "botocore"
version = "1.40.11"
source = { registry = "https://pypi.org/simple" }
dependencies = [
    { name = "jmespath" },
    { name = "python-dateutil" },
    { name = "urllib3" },
]
sdist = { url = "https://files.pythonhosted.org/packages/34/b2/23e4dc97d941dad612959664029f2eb843fd65ce58cc7b3c02f996b6357c/botocore-1.40.11.tar.gz", hash = "sha256:95af22e1b2230bdd5faa9d1c87e8b147028b14b531770a1148bf495967ccba5e", size = 14339310 }
wheels = [
    { url = "https://files.pythonhosted.org/packages/2d/f9/400e0da61cbbcea7868458f3a447d1191a62ae5e2852d2acdfd4d51b2843/botocore-1.40.11-py3-none-any.whl", hash = "sha256:4beca0c5f92201da1bf1bc0a55038538ad2defded32ab0638cb68f5631dcc665", size = 14005730 },
]

[[package]]
name = "botocore-stubs"
version = "1.38.46"
source = { registry = "https://pypi.org/simple" }
dependencies = [
    { name = "types-awscrt" },
]
sdist = { url = "https://files.pythonhosted.org/packages/05/45/27cabc7c3022dcb12de5098cc646b374065f5e72fae13600ff1756f365ee/botocore_stubs-1.38.46.tar.gz", hash = "sha256:a04e69766ab8bae338911c1897492f88d05cd489cd75f06e6eb4f135f9da8c7b", size = 42299 }
wheels = [
    { url = "https://files.pythonhosted.org/packages/cc/84/06490071e26bab22ac79a684e98445df118adcf80c58c33ba5af184030f2/botocore_stubs-1.38.46-py3-none-any.whl", hash = "sha256:cc21d9a7dd994bdd90872db4664d817c4719b51cda8004fd507a4bf65b085a75", size = 66083 },
]

[[package]]
name = "click"
version = "8.2.1"
source = { registry = "https://pypi.org/simple" }
dependencies = [
    { name = "colorama", marker = "sys_platform == 'win32'" },
]
sdist = { url = "https://files.pythonhosted.org/packages/60/6c/8ca2efa64cf75a977a0d7fac081354553ebe483345c734fb6b6515d96bbc/click-8.2.1.tar.gz", hash = "sha256:27c491cc05d968d271d5a1db13e3b5a184636d9d930f148c50b038f0d0646202", size = 286342 }
wheels = [
    { url = "https://files.pythonhosted.org/packages/85/32/10bb5764d90a8eee674e9dc6f4db6a0ab47c8c4d0d83c27f7c39ac415a4d/click-8.2.1-py3-none-any.whl", hash = "sha256:61a3265b914e850b85317d0b3109c7f8cd35a670f963866005d6ef1d5175a12b", size = 102215 },
]

[[package]]
name = "colorama"
version = "0.4.6"
source = { registry = "https://pypi.org/simple" }
sdist = { url = "https://files.pythonhosted.org/packages/d8/53/6f443c9a4a8358a93a6792e2acffb9d9d5cb0a5cfd8802644b7b1c9a02e4/colorama-0.4.6.tar.gz", hash = "sha256:08695f5cb7ed6e0531a20572697297273c47b8cae5a63ffc6d6ed5c201be6e44", size = 27697 }
wheels = [
    { url = "https://files.pythonhosted.org/packages/d1/d6/3965ed04c63042e047cb6a3e6ed1a63a35087b6a609aa3a15ed8ac56c221/colorama-0.4.6-py2.py3-none-any.whl", hash = "sha256:4f1d9991f5acc0ca119f9d443620b77f9d6b33703e51011c16baf57afb285fc6", size = 25335 },
]

[[package]]
name = "deptry"
version = "0.23.1"
source = { registry = "https://pypi.org/simple" }
dependencies = [
    { name = "click" },
    { name = "colorama", marker = "sys_platform == 'win32'" },
    { name = "packaging" },
    { name = "requirements-parser" },
]
sdist = { url = "https://files.pythonhosted.org/packages/a3/31/3e2f4a9b43bd807b28a49d673b9b5f8dcc7265d43950b24e875ba90e6205/deptry-0.23.1.tar.gz", hash = "sha256:5d23e0ef25f3c56405c05383a476edda55944563c5c47a3e9249ed3ec860d382", size = 460016 }
wheels = [
    { url = "https://files.pythonhosted.org/packages/cb/d0/9785c0e7fdab12f5324467d70ba65ad03b9d4071a13fc182b6d98bab6208/deptry-0.23.1-cp39-abi3-macosx_10_12_x86_64.whl", hash = "sha256:f0b231d098fb5b48d8973c9f192c353ffdd395770063424969fa7f15ddfea7d8", size = 1768731 },
    { url = "https://files.pythonhosted.org/packages/c5/4b/46aded35e0de153936b2214e49e5935179eed9f23cbd3a9a0cd9a5ab0abd/deptry-0.23.1-cp39-abi3-macosx_11_0_arm64.whl", hash = "sha256:bf057f514bb2fa18a2b192a7f7372bd14577ff46b11486933e8383dfef461983", size = 1667240 },
    { url = "https://files.pythonhosted.org/packages/ef/f7/206330f68280a1af7edb8bea87f383dbaa4e3b02b37199d40f86e4c43048/deptry-0.23.1-cp39-abi3-manylinux_2_17_aarch64.manylinux2014_aarch64.whl", hash = "sha256:1ee3f5663bb1c048e2aaf25a4d9e6d09cc1f3b3396ee248980878c6a6c9c0e21", size = 1772019 },
    { url = "https://files.pythonhosted.org/packages/c5/80/51a9e94349b47013e2fd78fd221b12202a7866cd2e0882cfd87d63055e88/deptry-0.23.1-cp39-abi3-manylinux_2_17_x86_64.manylinux2014_x86_64.whl", hash = "sha256:ae0366dc5f50a5fb29cf90de1110c5e368513de6c1b2dac439f2817f3f752616", size = 1855973 },
    { url = "https://files.pythonhosted.org/packages/d5/7a/bff10ddd26ce39c56a9a35bdc98fcf44c2befe5954c8da4bb895e3f750bb/deptry-0.23.1-cp39-abi3-musllinux_1_1_aarch64.whl", hash = "sha256:ab156a90a9eda5819aeb1c1da585dd4d5ec509029399a38771a49e78f40db90f", size = 1946957 },
    { url = "https://files.pythonhosted.org/packages/7e/b6/c80b190cbd817d1f75f8d02d4b6f4d430b2f3014a09d3895684e291e473b/deptry-0.23.1-cp39-abi3-musllinux_1_1_x86_64.whl", hash = "sha256:651c7eb168233755152fcc468713c024d64a03069645187edb4a17ba61ce6133", size = 2025282 },
    { url = "https://files.pythonhosted.org/packages/3c/58/1dfb7a6c4ec2daf123264d2c30f53f45791fee46cd0244be5bf97597d2aa/deptry-0.23.1-cp39-abi3-win_amd64.whl", hash = "sha256:8da1e8f70e7086ebc228f3a4a3cfb5aa127b09b5eef60d694503d6bb79809025", size = 1631377 },
    { url = "https://files.pythonhosted.org/packages/18/d3/667b974cf42fc50245a8028beb9966643ee214ca567cc6df6e876feca5ed/deptry-0.23.1-cp39-abi3-win_arm64.whl", hash = "sha256:f589497a5809717db4dcf2aa840f2847c0a4c489331608e538850b6a9ab1c30b", size = 1551113 },
]

[[package]]
name = "dyntastic"
version = "0.18.0"
source = { registry = "https://pypi.org/simple" }
dependencies = [
    { name = "boto3" },
    { name = "pydantic" },
]
sdist = { url = "https://files.pythonhosted.org/packages/50/7e/4af09371bc76455305c54940c5fdcd9df19f941395c292c94b4ad57fee0d/dyntastic-0.18.0.tar.gz", hash = "sha256:dbf3ab1b9cfb87d36101ae54d0d206d9d7f23c5700940011066c81d3b8f91a1c", size = 39069 }
wheels = [
    { url = "https://files.pythonhosted.org/packages/50/e8/7b803903308c8619405462a90a69dcc2a05f154f4ddd6a49cbaee7b0a20d/dyntastic-0.18.0-py3-none-any.whl", hash = "sha256:6b813105cf9526e27e4a1df0e5b79aef7aee994ee8cd1f5382cc37526c113034", size = 22753 },
]

[[package]]
name = "importlib-metadata"
version = "8.7.0"
source = { registry = "https://pypi.org/simple" }
dependencies = [
    { name = "zipp" },
]
sdist = { url = "https://files.pythonhosted.org/packages/76/66/650a33bd90f786193e4de4b3ad86ea60b53c89b669a5c7be931fac31cdb0/importlib_metadata-8.7.0.tar.gz", hash = "sha256:d13b81ad223b890aa16c5471f2ac3056cf76c5f10f82d6f9292f0b415f389000", size = 56641 }
wheels = [
    { url = "https://files.pythonhosted.org/packages/20/b0/36bd937216ec521246249be3bf9855081de4c5e06a0c9b4219dbeda50373/importlib_metadata-8.7.0-py3-none-any.whl", hash = "sha256:e5dd1551894c77868a30651cef00984d50e1002d06942a7101d34870c5f02afd", size = 27656 },
]

[[package]]
name = "jinja2"
version = "3.1.6"
source = { registry = "https://pypi.org/simple" }
dependencies = [
    { name = "markupsafe" },
]
sdist = { url = "https://files.pythonhosted.org/packages/df/bf/f7da0350254c0ed7c72f3e33cef02e048281fec7ecec5f032d4aac52226b/jinja2-3.1.6.tar.gz", hash = "sha256:0137fb05990d35f1275a587e9aee6d56da821fc83491a0fb838183be43f66d6d", size = 245115 }
wheels = [
    { url = "https://files.pythonhosted.org/packages/62/a1/3d680cbfd5f4b8f15abc1d571870c5fc3e594bb582bc3b64ea099db13e56/jinja2-3.1.6-py3-none-any.whl", hash = "sha256:85ece4451f492d0c13c5dd7c13a64681a86afae63a5f347908daf103ce6d2f67", size = 134899 },
]

[[package]]
name = "jmespath"
version = "1.0.1"
source = { registry = "https://pypi.org/simple" }
sdist = { url = "https://files.pythonhosted.org/packages/00/2a/e867e8531cf3e36b41201936b7fa7ba7b5702dbef42922193f05c8976cd6/jmespath-1.0.1.tar.gz", hash = "sha256:90261b206d6defd58fdd5e85f478bf633a2901798906be2ad389150c5c60edbe", size = 25843 }
wheels = [
    { url = "https://files.pythonhosted.org/packages/31/b4/b9b800c45527aadd64d5b442f9b932b00648617eb5d63d2c7a6587b7cafc/jmespath-1.0.1-py3-none-any.whl", hash = "sha256:02e2e4cc71b5bcab88332eebf907519190dd9e6e82107fa7f83b1003a6252980", size = 20256 },
]

[[package]]
name = "markupsafe"
version = "3.0.2"
source = { registry = "https://pypi.org/simple" }
sdist = { url = "https://files.pythonhosted.org/packages/b2/97/5d42485e71dfc078108a86d6de8fa46db44a1a9295e89c5d6d4a06e23a62/markupsafe-3.0.2.tar.gz", hash = "sha256:ee55d3edf80167e48ea11a923c7386f4669df67d7994554387f84e7d8b0a2bf0", size = 20537 }
wheels = [
    { url = "https://files.pythonhosted.org/packages/22/09/d1f21434c97fc42f09d290cbb6350d44eb12f09cc62c9476effdb33a18aa/MarkupSafe-3.0.2-cp312-cp312-macosx_10_13_universal2.whl", hash = "sha256:9778bd8ab0a994ebf6f84c2b949e65736d5575320a17ae8984a77fab08db94cf", size = 14274 },
    { url = "https://files.pythonhosted.org/packages/6b/b0/18f76bba336fa5aecf79d45dcd6c806c280ec44538b3c13671d49099fdd0/MarkupSafe-3.0.2-cp312-cp312-macosx_11_0_arm64.whl", hash = "sha256:846ade7b71e3536c4e56b386c2a47adf5741d2d8b94ec9dc3e92e5e1ee1e2225", size = 12348 },
    { url = "https://files.pythonhosted.org/packages/e0/25/dd5c0f6ac1311e9b40f4af06c78efde0f3b5cbf02502f8ef9501294c425b/MarkupSafe-3.0.2-cp312-cp312-manylinux_2_17_aarch64.manylinux2014_aarch64.whl", hash = "sha256:1c99d261bd2d5f6b59325c92c73df481e05e57f19837bdca8413b9eac4bd8028", size = 24149 },
    { url = "https://files.pythonhosted.org/packages/f3/f0/89e7aadfb3749d0f52234a0c8c7867877876e0a20b60e2188e9850794c17/MarkupSafe-3.0.2-cp312-cp312-manylinux_2_17_x86_64.manylinux2014_x86_64.whl", hash = "sha256:e17c96c14e19278594aa4841ec148115f9c7615a47382ecb6b82bd8fea3ab0c8", size = 23118 },
    { url = "https://files.pythonhosted.org/packages/d5/da/f2eeb64c723f5e3777bc081da884b414671982008c47dcc1873d81f625b6/MarkupSafe-3.0.2-cp312-cp312-manylinux_2_5_i686.manylinux1_i686.manylinux_2_17_i686.manylinux2014_i686.whl", hash = "sha256:88416bd1e65dcea10bc7569faacb2c20ce071dd1f87539ca2ab364bf6231393c", size = 22993 },
    { url = "https://files.pythonhosted.org/packages/da/0e/1f32af846df486dce7c227fe0f2398dc7e2e51d4a370508281f3c1c5cddc/MarkupSafe-3.0.2-cp312-cp312-musllinux_1_2_aarch64.whl", hash = "sha256:2181e67807fc2fa785d0592dc2d6206c019b9502410671cc905d132a92866557", size = 24178 },
    { url = "https://files.pythonhosted.org/packages/c4/f6/bb3ca0532de8086cbff5f06d137064c8410d10779c4c127e0e47d17c0b71/MarkupSafe-3.0.2-cp312-cp312-musllinux_1_2_i686.whl", hash = "sha256:52305740fe773d09cffb16f8ed0427942901f00adedac82ec8b67752f58a1b22", size = 23319 },
    { url = "https://files.pythonhosted.org/packages/a2/82/8be4c96ffee03c5b4a034e60a31294daf481e12c7c43ab8e34a1453ee48b/MarkupSafe-3.0.2-cp312-cp312-musllinux_1_2_x86_64.whl", hash = "sha256:ad10d3ded218f1039f11a75f8091880239651b52e9bb592ca27de44eed242a48", size = 23352 },
    { url = "https://files.pythonhosted.org/packages/51/ae/97827349d3fcffee7e184bdf7f41cd6b88d9919c80f0263ba7acd1bbcb18/MarkupSafe-3.0.2-cp312-cp312-win32.whl", hash = "sha256:0f4ca02bea9a23221c0182836703cbf8930c5e9454bacce27e767509fa286a30", size = 15097 },
    { url = "https://files.pythonhosted.org/packages/c1/80/a61f99dc3a936413c3ee4e1eecac96c0da5ed07ad56fd975f1a9da5bc630/MarkupSafe-3.0.2-cp312-cp312-win_amd64.whl", hash = "sha256:8e06879fc22a25ca47312fbe7c8264eb0b662f6db27cb2d3bbbc74b1df4b9b87", size = 15601 },
]

[[package]]
name = "mypy-boto3-cloudformation"
version = "1.40.0"
source = { registry = "https://pypi.org/simple" }
sdist = { url = "https://files.pythonhosted.org/packages/5a/05/a2afeb6326c0f9f9bacc47d38167a2f29ebc7bac40b28edcf98ce71f60bd/mypy_boto3_cloudformation-1.40.0.tar.gz", hash = "sha256:a0beaae56355fb3e5eb4439d65a919a9e61f6ea2f69ffbf0a03fd6b45ad895f0", size = 57709 }
wheels = [
    { url = "https://files.pythonhosted.org/packages/7b/4a/73fe9b4f21afd24514be4365658cb59d253053c27c34a586437ff5b854eb/mypy_boto3_cloudformation-1.40.0-py3-none-any.whl", hash = "sha256:3daa2b10307f4763cb9479e541b1d45742a79a3c598f1a577389c5735fa8ad10", size = 69684 },
]

[[package]]
name = "mypy-boto3-dynamodb"
version = "1.40.10"
source = { registry = "https://pypi.org/simple" }
sdist = { url = "https://files.pythonhosted.org/packages/33/a2/990caecf88fc6695ee213a8dde7cb520e568cb49052b81e128fb2084fe4f/mypy_boto3_dynamodb-1.40.10.tar.gz", hash = "sha256:ea600c590e5a1328be4de27d9e8106e12c7928a36622e88118af5062fff123cb", size = 47976 }
wheels = [
    { url = "https://files.pythonhosted.org/packages/11/fc/9f5eb6741078c67bf9f634c80ac5aeb08ac5ec5e67b7301c8251deaf0105/mypy_boto3_dynamodb-1.40.10-py3-none-any.whl", hash = "sha256:3af4780754ae4de7182940263b62a0d3a66f28ac5aae8b95e92b24e9dbeae476", size = 57004 },
]

[[package]]
name = "mypy-boto3-ec2"
version = "1.40.10"
source = { registry = "https://pypi.org/simple" }
sdist = { url = "https://files.pythonhosted.org/packages/a3/a2/9398073121ac49b5787154da75cc9686c8a71cf14c282cb176f5a81b0f19/mypy_boto3_ec2-1.40.10.tar.gz", hash = "sha256:981a574a4cf7795cd894caa1ce355c0b3fab553db54ef8a9045685017e23b87b", size = 404591 }
wheels = [
    { url = "https://files.pythonhosted.org/packages/bc/1d/777767b3474cea1c706dc4951c1e8c5437b30b19bcba34109d8cbcde8133/mypy_boto3_ec2-1.40.10-py3-none-any.whl", hash = "sha256:0069fb08fb58d5921831aeddd30942ac351ca03c3692337514685a3b27412fb5", size = 393782 },
]

[[package]]
name = "mypy-boto3-lambda"
version = "1.40.7"
source = { registry = "https://pypi.org/simple" }
sdist = { url = "https://files.pythonhosted.org/packages/25/4f/63def7a5be630e8d39186594b01fee86f2e6dcbca3e0b0e80a3ea90bc4ae/mypy_boto3_lambda-1.40.7.tar.gz", hash = "sha256:e8bedf03a67fade5db861fe902df063064292352eed5f785f74cd0e591948db9", size = 42491 }
wheels = [
    { url = "https://files.pythonhosted.org/packages/0c/ef/ab7a0fc83b8f3c39145cbce4a8bf5326e153157f0edcc939b4570e0b9f9e/mypy_boto3_lambda-1.40.7-py3-none-any.whl", hash = "sha256:398c9dd051278430168e907b6b6c2078a3a1bca3948c2bf4d47eda8d7da28573", size = 49058 },
]

[[package]]
name = "mypy-boto3-rds"
version = "1.40.3"
source = { registry = "https://pypi.org/simple" }
sdist = { url = "https://files.pythonhosted.org/packages/ce/71/fc4c7559da9d7e3d959a1ec2da78df55ab4ed0eadecfaae9a4ab1668ae36/mypy_boto3_rds-1.40.3.tar.gz", hash = "sha256:4aa5ee3a4fd4f6ec7972ecea6b3362b7c00d3269cb8a6bf5ff13d8071ca637e6", size = 85251 }
wheels = [
    { url = "https://files.pythonhosted.org/packages/d1/7e/3c8d44e624265573f380035b3da54ea5ff608e9a7438e22d394f824a48e5/mypy_boto3_rds-1.40.3-py3-none-any.whl", hash = "sha256:76ac90f6b41bb50d4dba06dc8cc0bc83e6f07c6ec0e888331d82d217b3ffb47b", size = 91507 },
]

[[package]]
name = "mypy-boto3-s3"
version = "1.40.0"
source = { registry = "https://pypi.org/simple" }
sdist = { url = "https://files.pythonhosted.org/packages/06/d7/b2100702d2f200fdb3468e419c729790bd8543ee0af6f6d63d8dfdab4e28/mypy_boto3_s3-1.40.0.tar.gz", hash = "sha256:99a4a27f04d62fe0b31032f274f2e19889fa66424413617a9416873c48567f1d", size = 75924 }
wheels = [
    { url = "https://files.pythonhosted.org/packages/43/4f/4d32cd202d8c8c7e11e44dd288f66b8985e6ee4402b9a0891b7b94ff6cc6/mypy_boto3_s3-1.40.0-py3-none-any.whl", hash = "sha256:5736b7780d57a156312d8d136462c207671d0236b0355704b5754496bb712bc8", size = 82710 },
]

[[package]]
name = "mypy-boto3-sqs"
version = "1.40.0"
source = { registry = "https://pypi.org/simple" }
sdist = { url = "https://files.pythonhosted.org/packages/ff/a7/5fb39650f9c7a8e1289cabf74725e22edde5e029f095b384881586163653/mypy_boto3_sqs-1.40.0.tar.gz", hash = "sha256:03d0b5b488e3d01f2419400ba245dd7b89bbe06a438a5d4f59d358eeead19bb4", size = 23610 }
wheels = [
    { url = "https://files.pythonhosted.org/packages/c7/0a/2f1e8b332aa94ca949ac4815c50ac261c00ce907e1d39ea4914c2341e797/mypy_boto3_sqs-1.40.0-py3-none-any.whl", hash = "sha256:af9055ccf1612bc53b7849beb761b751f5a7c94ee7562c03ebb16a3583945a40", size = 33728 },
]

[[package]]
name = "opentelemetry-api"
version = "1.36.0"
source = { registry = "https://pypi.org/simple" }
dependencies = [
    { name = "importlib-metadata" },
    { name = "typing-extensions" },
]
sdist = { url = "https://files.pythonhosted.org/packages/27/d2/c782c88b8afbf961d6972428821c302bd1e9e7bc361352172f0ca31296e2/opentelemetry_api-1.36.0.tar.gz", hash = "sha256:9a72572b9c416d004d492cbc6e61962c0501eaf945ece9b5a0f56597d8348aa0", size = 64780 }
wheels = [
    { url = "https://files.pythonhosted.org/packages/bb/ee/6b08dde0a022c463b88f55ae81149584b125a42183407dc1045c486cc870/opentelemetry_api-1.36.0-py3-none-any.whl", hash = "sha256:02f20bcacf666e1333b6b1f04e647dc1d5111f86b8e510238fcc56d7762cda8c", size = 65564 },
]

[[package]]
name = "opentelemetry-sdk"
version = "1.36.0"
source = { registry = "https://pypi.org/simple" }
dependencies = [
    { name = "opentelemetry-api" },
    { name = "opentelemetry-semantic-conventions" },
    { name = "typing-extensions" },
]
sdist = { url = "https://files.pythonhosted.org/packages/4c/85/8567a966b85a2d3f971c4d42f781c305b2b91c043724fa08fd37d158e9dc/opentelemetry_sdk-1.36.0.tar.gz", hash = "sha256:19c8c81599f51b71670661ff7495c905d8fdf6976e41622d5245b791b06fa581", size = 162557 }
wheels = [
    { url = "https://files.pythonhosted.org/packages/0b/59/7bed362ad1137ba5886dac8439e84cd2df6d087be7c09574ece47ae9b22c/opentelemetry_sdk-1.36.0-py3-none-any.whl", hash = "sha256:19fe048b42e98c5c1ffe85b569b7073576ad4ce0bcb6e9b4c6a39e890a6c45fb", size = 119995 },
]

[[package]]
name = "opentelemetry-semantic-conventions"
version = "0.57b0"
source = { registry = "https://pypi.org/simple" }
dependencies = [
    { name = "opentelemetry-api" },
    { name = "typing-extensions" },
]
sdist = { url = "https://files.pythonhosted.org/packages/7e/31/67dfa252ee88476a29200b0255bda8dfc2cf07b56ad66dc9a6221f7dc787/opentelemetry_semantic_conventions-0.57b0.tar.gz", hash = "sha256:609a4a79c7891b4620d64c7aac6898f872d790d75f22019913a660756f27ff32", size = 124225 }
wheels = [
    { url = "https://files.pythonhosted.org/packages/05/75/7d591371c6c39c73de5ce5da5a2cc7b72d1d1cd3f8f4638f553c01c37b11/opentelemetry_semantic_conventions-0.57b0-py3-none-any.whl", hash = "sha256:757f7e76293294f124c827e514c2a3144f191ef175b069ce8d1211e1e38e9e78", size = 201627 },
]

[[package]]
name = "packaging"
version = "25.0"
source = { registry = "https://pypi.org/simple" }
sdist = { url = "https://files.pythonhosted.org/packages/a1/d4/1fc4078c65507b51b96ca8f8c3ba19e6a61c8253c72794544580a7b6c24d/packaging-25.0.tar.gz", hash = "sha256:d443872c98d677bf60f6a1f2f8c1cb748e8fe762d2bf9d3148b5599295b0fc4f", size = 165727 }
wheels = [
    { url = "https://files.pythonhosted.org/packages/20/12/38679034af332785aac8774540895e234f4d07f7545804097de4b666afd8/packaging-25.0-py3-none-any.whl", hash = "sha256:29572ef2b1f17581046b3a2227d5c611fb25ec70ca1ba8554b24b0e69331a484", size = 66469 },
]

[[package]]
name = "path-summarize-alerts"
version = "0.1.0"
source = { virtual = "." }
dependencies = [
    { name = "aws-lambda-powertools", extra = ["parser"] },
    { name = "baml-py" },
    { name = "boto3" },
    { name = "boto3-stubs", extra = ["essential"] },
    { name = "botocore" },
    { name = "dyntastic" },
    { name = "jinja2" },
    { name = "opentelemetry-api" },
    { name = "opentelemetry-sdk" },
    { name = "pydantic" },
    { name = "tomli" },
    { name = "types-jinja2" },
]

[package.dev-dependencies]
dev = [
    { name = "deptry" },
    { name = "path-summarize-alerts" },
    { name = "pip" },
]

[package.metadata]
requires-dist = [
    { name = "aws-lambda-powertools", extras = ["parser"], specifier = ">=3.19.0" },
    { name = "baml-py", specifier = "==0.86.1" },
    { name = "boto3", specifier = ">=1.40.11" },
    { name = "boto3-stubs", extras = ["essential"], specifier = ">=1.40.11" },
    { name = "botocore", specifier = ">=1.40.11" },
    { name = "dyntastic", specifier = ">=0.18.0" },
    { name = "jinja2", specifier = ">=3.1.6" },
    { name = "opentelemetry-api", specifier = ">=1.29.0" },
    { name = "opentelemetry-sdk", specifier = ">=1.29.0" },
    { name = "pydantic", specifier = ">=2.11.7" },
    { name = "tomli", specifier = ">=2.2.1" },
    { name = "types-jinja2", specifier = ">=2.11.9" },
]

[package.metadata.requires-dev]
dev = [
    { name = "deptry", specifier = ">=0.23.1" },
    { name = "path-summarize-alerts" },
    { name = "pip", specifier = ">=25.2" },
]

[[package]]
name = "pip"
version = "25.2"
source = { registry = "https://pypi.org/simple" }
sdist = { url = "https://files.pythonhosted.org/packages/20/16/650289cd3f43d5a2fadfd98c68bd1e1e7f2550a1a5326768cddfbcedb2c5/pip-25.2.tar.gz", hash = "sha256:578283f006390f85bb6282dffb876454593d637f5d1be494b5202ce4877e71f2", size = 1840021 }
wheels = [
    { url = "https://files.pythonhosted.org/packages/b7/3f/945ef7ab14dc4f9d7f40288d2df998d1837ee0888ec3659c813487572faa/pip-25.2-py3-none-any.whl", hash = "sha256:6d67a2b4e7f14d8b31b8b52648866fa717f45a1eb70e83002f4331d07e953717", size = 1752557 },
]

[[package]]
name = "pydantic"
version = "2.11.7"
source = { registry = "https://pypi.org/simple" }
dependencies = [
    { name = "annotated-types" },
    { name = "pydantic-core" },
    { name = "typing-extensions" },
    { name = "typing-inspection" },
]
sdist = { url = "https://files.pythonhosted.org/packages/00/dd/4325abf92c39ba8623b5af936ddb36ffcfe0beae70405d456ab1fb2f5b8c/pydantic-2.11.7.tar.gz", hash = "sha256:d989c3c6cb79469287b1569f7447a17848c998458d49ebe294e975b9baf0f0db", size = 788350 }
wheels = [
    { url = "https://files.pythonhosted.org/packages/6a/c0/ec2b1c8712ca690e5d61979dee872603e92b8a32f94cc1b72d53beab008a/pydantic-2.11.7-py3-none-any.whl", hash = "sha256:dde5df002701f6de26248661f6835bbe296a47bf73990135c7d07ce741b9623b", size = 444782 },
]

[[package]]
name = "pydantic-core"
version = "2.33.2"
source = { registry = "https://pypi.org/simple" }
dependencies = [
    { name = "typing-extensions" },
]
sdist = { url = "https://files.pythonhosted.org/packages/ad/88/5f2260bdfae97aabf98f1778d43f69574390ad787afb646292a638c923d4/pydantic_core-2.33.2.tar.gz", hash = "sha256:7cb8bc3605c29176e1b105350d2e6474142d7c1bd1d9327c4a9bdb46bf827acc", size = 435195 }
wheels = [
    { url = "https://files.pythonhosted.org/packages/18/8a/2b41c97f554ec8c71f2a8a5f85cb56a8b0956addfe8b0efb5b3d77e8bdc3/pydantic_core-2.33.2-cp312-cp312-macosx_10_12_x86_64.whl", hash = "sha256:a7ec89dc587667f22b6a0b6579c249fca9026ce7c333fc142ba42411fa243cdc", size = 2009000 },
    { url = "https://files.pythonhosted.org/packages/a1/02/6224312aacb3c8ecbaa959897af57181fb6cf3a3d7917fd44d0f2917e6f2/pydantic_core-2.33.2-cp312-cp312-macosx_11_0_arm64.whl", hash = "sha256:3c6db6e52c6d70aa0d00d45cdb9b40f0433b96380071ea80b09277dba021ddf7", size = 1847996 },
    { url = "https://files.pythonhosted.org/packages/d6/46/6dcdf084a523dbe0a0be59d054734b86a981726f221f4562aed313dbcb49/pydantic_core-2.33.2-cp312-cp312-manylinux_2_17_aarch64.manylinux2014_aarch64.whl", hash = "sha256:4e61206137cbc65e6d5256e1166f88331d3b6238e082d9f74613b9b765fb9025", size = 1880957 },
    { url = "https://files.pythonhosted.org/packages/ec/6b/1ec2c03837ac00886ba8160ce041ce4e325b41d06a034adbef11339ae422/pydantic_core-2.33.2-cp312-cp312-manylinux_2_17_armv7l.manylinux2014_armv7l.whl", hash = "sha256:eb8c529b2819c37140eb51b914153063d27ed88e3bdc31b71198a198e921e011", size = 1964199 },
    { url = "https://files.pythonhosted.org/packages/2d/1d/6bf34d6adb9debd9136bd197ca72642203ce9aaaa85cfcbfcf20f9696e83/pydantic_core-2.33.2-cp312-cp312-manylinux_2_17_ppc64le.manylinux2014_ppc64le.whl", hash = "sha256:c52b02ad8b4e2cf14ca7b3d918f3eb0ee91e63b3167c32591e57c4317e134f8f", size = 2120296 },
    { url = "https://files.pythonhosted.org/packages/e0/94/2bd0aaf5a591e974b32a9f7123f16637776c304471a0ab33cf263cf5591a/pydantic_core-2.33.2-cp312-cp312-manylinux_2_17_s390x.manylinux2014_s390x.whl", hash = "sha256:96081f1605125ba0855dfda83f6f3df5ec90c61195421ba72223de35ccfb2f88", size = 2676109 },
    { url = "https://files.pythonhosted.org/packages/f9/41/4b043778cf9c4285d59742281a769eac371b9e47e35f98ad321349cc5d61/pydantic_core-2.33.2-cp312-cp312-manylinux_2_17_x86_64.manylinux2014_x86_64.whl", hash = "sha256:8f57a69461af2a5fa6e6bbd7a5f60d3b7e6cebb687f55106933188e79ad155c1", size = 2002028 },
    { url = "https://files.pythonhosted.org/packages/cb/d5/7bb781bf2748ce3d03af04d5c969fa1308880e1dca35a9bd94e1a96a922e/pydantic_core-2.33.2-cp312-cp312-manylinux_2_5_i686.manylinux1_i686.whl", hash = "sha256:572c7e6c8bb4774d2ac88929e3d1f12bc45714ae5ee6d9a788a9fb35e60bb04b", size = 2100044 },
    { url = "https://files.pythonhosted.org/packages/fe/36/def5e53e1eb0ad896785702a5bbfd25eed546cdcf4087ad285021a90ed53/pydantic_core-2.33.2-cp312-cp312-musllinux_1_1_aarch64.whl", hash = "sha256:db4b41f9bd95fbe5acd76d89920336ba96f03e149097365afe1cb092fceb89a1", size = 2058881 },
    { url = "https://files.pythonhosted.org/packages/01/6c/57f8d70b2ee57fc3dc8b9610315949837fa8c11d86927b9bb044f8705419/pydantic_core-2.33.2-cp312-cp312-musllinux_1_1_armv7l.whl", hash = "sha256:fa854f5cf7e33842a892e5c73f45327760bc7bc516339fda888c75ae60edaeb6", size = 2227034 },
    { url = "https://files.pythonhosted.org/packages/27/b9/9c17f0396a82b3d5cbea4c24d742083422639e7bb1d5bf600e12cb176a13/pydantic_core-2.33.2-cp312-cp312-musllinux_1_1_x86_64.whl", hash = "sha256:5f483cfb75ff703095c59e365360cb73e00185e01aaea067cd19acffd2ab20ea", size = 2234187 },
    { url = "https://files.pythonhosted.org/packages/b0/6a/adf5734ffd52bf86d865093ad70b2ce543415e0e356f6cacabbc0d9ad910/pydantic_core-2.33.2-cp312-cp312-win32.whl", hash = "sha256:9cb1da0f5a471435a7bc7e439b8a728e8b61e59784b2af70d7c169f8dd8ae290", size = 1892628 },
    { url = "https://files.pythonhosted.org/packages/43/e4/5479fecb3606c1368d496a825d8411e126133c41224c1e7238be58b87d7e/pydantic_core-2.33.2-cp312-cp312-win_amd64.whl", hash = "sha256:f941635f2a3d96b2973e867144fde513665c87f13fe0e193c158ac51bfaaa7b2", size = 1955866 },
    { url = "https://files.pythonhosted.org/packages/0d/24/8b11e8b3e2be9dd82df4b11408a67c61bb4dc4f8e11b5b0fc888b38118b5/pydantic_core-2.33.2-cp312-cp312-win_arm64.whl", hash = "sha256:cca3868ddfaccfbc4bfb1d608e2ccaaebe0ae628e1416aeb9c4d88c001bb45ab", size = 1888894 },
]

[[package]]
name = "python-dateutil"
version = "2.9.0.post0"
source = { registry = "https://pypi.org/simple" }
dependencies = [
    { name = "six" },
]
sdist = { url = "https://files.pythonhosted.org/packages/66/c0/0c8b6ad9f17a802ee498c46e004a0eb49bc148f2fd230864601a86dcf6db/python-dateutil-2.9.0.post0.tar.gz", hash = "sha256:37dd54208da7e1cd875388217d5e00ebd4179249f90fb72437e91a35459a0ad3", size = 342432 }
wheels = [
    { url = "https://files.pythonhosted.org/packages/ec/57/56b9bcc3c9c6a792fcbaf139543cee77261f3651ca9da0c93f5c1221264b/python_dateutil-2.9.0.post0-py2.py3-none-any.whl", hash = "sha256:a8b2bc7bffae282281c8140a97d3aa9c14da0b136dfe83f850eea9a5f7470427", size = 229892 },
]

[[package]]
name = "requirements-parser"
version = "0.13.0"
source = { registry = "https://pypi.org/simple" }
dependencies = [
    { name = "packaging" },
]
sdist = { url = "https://files.pythonhosted.org/packages/95/96/fb6dbfebb524d5601d359a47c78fe7ba1eef90fc4096404aa60c9a906fbb/requirements_parser-0.13.0.tar.gz", hash = "sha256:0843119ca2cb2331de4eb31b10d70462e39ace698fd660a915c247d2301a4418", size = 22630 }
wheels = [
    { url = "https://files.pythonhosted.org/packages/bd/60/50fbb6ffb35f733654466f1a90d162bcbea358adc3b0871339254fbc37b2/requirements_parser-0.13.0-py3-none-any.whl", hash = "sha256:2b3173faecf19ec5501971b7222d38f04cb45bb9d87d0ad629ca71e2e62ded14", size = 14782 },
]

[[package]]
name = "s3transfer"
version = "0.13.1"
source = { registry = "https://pypi.org/simple" }
dependencies = [
    { name = "botocore" },
]
sdist = { url = "https://files.pythonhosted.org/packages/6d/05/d52bf1e65044b4e5e27d4e63e8d1579dbdec54fce685908ae09bc3720030/s3transfer-0.13.1.tar.gz", hash = "sha256:c3fdba22ba1bd367922f27ec8032d6a1cf5f10c934fb5d68cf60fd5a23d936cf", size = 150589 }
wheels = [
    { url = "https://files.pythonhosted.org/packages/6d/4f/d073e09df851cfa251ef7840007d04db3293a0482ce607d2b993926089be/s3transfer-0.13.1-py3-none-any.whl", hash = "sha256:a981aa7429be23fe6dfc13e80e4020057cbab622b08c0315288758d67cabc724", size = 85308 },
]

[[package]]
name = "six"
version = "1.17.0"
source = { registry = "https://pypi.org/simple" }
sdist = { url = "https://files.pythonhosted.org/packages/94/e7/b2c673351809dca68a0e064b6af791aa332cf192da575fd474ed7d6f16a2/six-1.17.0.tar.gz", hash = "sha256:ff70335d468e7eb6ec65b95b99d3a2836546063f63acc5171de367e834932a81", size = 34031 }
wheels = [
    { url = "https://files.pythonhosted.org/packages/b7/ce/149a00dd41f10bc29e5921b496af8b574d8413afcd5e30dfa0ed46c2cc5e/six-1.17.0-py2.py3-none-any.whl", hash = "sha256:4721f391ed90541fddacab5acf947aa0d3dc7d27b2e1e8eda2be8970586c3274", size = 11050 },
]

[[package]]
name = "tomli"
version = "2.2.1"
source = { registry = "https://pypi.org/simple" }
sdist = { url = "https://files.pythonhosted.org/packages/18/87/302344fed471e44a87289cf4967697d07e532f2421fdaf868a303cbae4ff/tomli-2.2.1.tar.gz", hash = "sha256:cd45e1dc79c835ce60f7404ec8119f2eb06d38b1deba146f07ced3bbc44505ff", size = 17175 }
wheels = [
    { url = "https://files.pythonhosted.org/packages/52/e1/f8af4c2fcde17500422858155aeb0d7e93477a0d59a98e56cbfe75070fd0/tomli-2.2.1-cp312-cp312-macosx_10_13_x86_64.whl", hash = "sha256:4a8f6e44de52d5e6c657c9fe83b562f5f4256d8ebbfe4ff922c495620a7f6cea", size = 132762 },
    { url = "https://files.pythonhosted.org/packages/03/b8/152c68bb84fc00396b83e7bbddd5ec0bd3dd409db4195e2a9b3e398ad2e3/tomli-2.2.1-cp312-cp312-macosx_11_0_arm64.whl", hash = "sha256:8d57ca8095a641b8237d5b079147646153d22552f1c637fd3ba7f4b0b29167a8", size = 123453 },
    { url = "https://files.pythonhosted.org/packages/c8/d6/fc9267af9166f79ac528ff7e8c55c8181ded34eb4b0e93daa767b8841573/tomli-2.2.1-cp312-cp312-manylinux_2_17_aarch64.manylinux2014_aarch64.whl", hash = "sha256:4e340144ad7ae1533cb897d406382b4b6fede8890a03738ff1683af800d54192", size = 233486 },
    { url = "https://files.pythonhosted.org/packages/5c/51/51c3f2884d7bab89af25f678447ea7d297b53b5a3b5730a7cb2ef6069f07/tomli-2.2.1-cp312-cp312-manylinux_2_17_x86_64.manylinux2014_x86_64.whl", hash = "sha256:db2b95f9de79181805df90bedc5a5ab4c165e6ec3fe99f970d0e302f384ad222", size = 242349 },
    { url = "https://files.pythonhosted.org/packages/ab/df/bfa89627d13a5cc22402e441e8a931ef2108403db390ff3345c05253935e/tomli-2.2.1-cp312-cp312-manylinux_2_5_i686.manylinux1_i686.manylinux_2_17_i686.manylinux2014_i686.whl", hash = "sha256:40741994320b232529c802f8bc86da4e1aa9f413db394617b9a256ae0f9a7f77", size = 252159 },
    { url = "https://files.pythonhosted.org/packages/9e/6e/fa2b916dced65763a5168c6ccb91066f7639bdc88b48adda990db10c8c0b/tomli-2.2.1-cp312-cp312-musllinux_1_2_aarch64.whl", hash = "sha256:400e720fe168c0f8521520190686ef8ef033fb19fc493da09779e592861b78c6", size = 237243 },
    { url = "https://files.pythonhosted.org/packages/b4/04/885d3b1f650e1153cbb93a6a9782c58a972b94ea4483ae4ac5cedd5e4a09/tomli-2.2.1-cp312-cp312-musllinux_1_2_i686.whl", hash = "sha256:02abe224de6ae62c19f090f68da4e27b10af2b93213d36cf44e6e1c5abd19fdd", size = 259645 },
    { url = "https://files.pythonhosted.org/packages/9c/de/6b432d66e986e501586da298e28ebeefd3edc2c780f3ad73d22566034239/tomli-2.2.1-cp312-cp312-musllinux_1_2_x86_64.whl", hash = "sha256:b82ebccc8c8a36f2094e969560a1b836758481f3dc360ce9a3277c65f374285e", size = 244584 },
    { url = "https://files.pythonhosted.org/packages/1c/9a/47c0449b98e6e7d1be6cbac02f93dd79003234ddc4aaab6ba07a9a7482e2/tomli-2.2.1-cp312-cp312-win32.whl", hash = "sha256:889f80ef92701b9dbb224e49ec87c645ce5df3fa2cc548664eb8a25e03127a98", size = 98875 },
    { url = "https://files.pythonhosted.org/packages/ef/60/9b9638f081c6f1261e2688bd487625cd1e660d0a85bd469e91d8db969734/tomli-2.2.1-cp312-cp312-win_amd64.whl", hash = "sha256:7fc04e92e1d624a4a63c76474610238576942d6b8950a2d7f908a340494e67e4", size = 109418 },
    { url = "https://files.pythonhosted.org/packages/6e/c2/61d3e0f47e2b74ef40a68b9e6ad5984f6241a942f7cd3bbfbdbd03861ea9/tomli-2.2.1-py3-none-any.whl", hash = "sha256:cb55c73c5f4408779d0cf3eef9f762b9c9f147a77de7b258bef0a5628adc85cc", size = 14257 },
]

[[package]]
name = "types-awscrt"
version = "0.27.6"
source = { registry = "https://pypi.org/simple" }
sdist = { url = "https://files.pythonhosted.org/packages/56/ce/5d84526a39f44c420ce61b16654193f8437d74b54f21597ea2ac65d89954/types_awscrt-0.27.6.tar.gz", hash = "sha256:9d3f1865a93b8b2c32f137514ac88cb048b5bc438739945ba19d972698995bfb", size = 16937 }
wheels = [
    { url = "https://files.pythonhosted.org/packages/ac/af/e3d20e3e81d235b3964846adf46a334645a8a9b25a0d3d472743eb079552/types_awscrt-0.27.6-py3-none-any.whl", hash = "sha256:18aced46da00a57f02eb97637a32e5894dc5aa3dc6a905ba3e5ed85b9f3c526b", size = 39626 },
]

[[package]]
name = "types-jinja2"
version = "2.11.9"
source = { registry = "https://pypi.org/simple" }
dependencies = [
    { name = "types-markupsafe" },
]
sdist = { url = "https://files.pythonhosted.org/packages/46/c4/b82309bfed8195de7997672deac301bd6f5bd5cbb6a3e392b7fe780d7852/types-Jinja2-2.11.9.tar.gz", hash = "sha256:dbdc74a40aba7aed520b7e4d89e8f0fe4286518494208b35123bcf084d4b8c81", size = 13302 }
wheels = [
    { url = "https://files.pythonhosted.org/packages/b7/b0/e79d84748f1d34304f13191424348a719c3febaa3493835370fe9528e1e6/types_Jinja2-2.11.9-py3-none-any.whl", hash = "sha256:60a1e21e8296979db32f9374d8a239af4cb541ff66447bb915d8ad398f9c63b2", size = 18190 },
]

[[package]]
name = "types-markupsafe"
version = "1.1.10"
source = { registry = "https://pypi.org/simple" }
sdist = { url = "https://files.pythonhosted.org/packages/39/31/b5f059142d058aec41e913d8e0eff0a967e7bc46f9a2ba2f31bc11cff059/types-MarkupSafe-1.1.10.tar.gz", hash = "sha256:85b3a872683d02aea3a5ac2a8ef590193c344092032f58457287fbf8e06711b1", size = 2986 }
wheels = [
    { url = "https://files.pythonhosted.org/packages/bc/d6/b8effb1c48539260a5eb4196afc55efac4ea1684a4991977555eb266b2ef/types_MarkupSafe-1.1.10-py3-none-any.whl", hash = "sha256:ca2bee0f4faafc45250602567ef38d533e877d2ddca13003b319c551ff5b3cc5", size = 3998 },
]

[[package]]
name = "types-s3transfer"
version = "0.13.0"
source = { registry = "https://pypi.org/simple" }
sdist = { url = "https://files.pythonhosted.org/packages/42/c1/45038f259d6741c252801044e184fec4dbaeff939a58f6160d7c32bf4975/types_s3transfer-0.13.0.tar.gz", hash = "sha256:203dadcb9865c2f68fb44bc0440e1dc05b79197ba4a641c0976c26c9af75ef52", size = 14175 }
wheels = [
    { url = "https://files.pythonhosted.org/packages/c8/5d/6bbe4bf6a79fb727945291aef88b5ecbdba857a603f1bbcf1a6be0d3f442/types_s3transfer-0.13.0-py3-none-any.whl", hash = "sha256:79c8375cbf48a64bff7654c02df1ec4b20d74f8c5672fc13e382f593ca5565b3", size = 19588 },
]

[[package]]
name = "typing-extensions"
version = "4.14.1"
source = { registry = "https://pypi.org/simple" }
sdist = { url = "https://files.pythonhosted.org/packages/98/5a/da40306b885cc8c09109dc2e1abd358d5684b1425678151cdaed4731c822/typing_extensions-4.14.1.tar.gz", hash = "sha256:38b39f4aeeab64884ce9f74c94263ef78f3c22467c8724005483154c26648d36", size = 107673 }
wheels = [
    { url = "https://files.pythonhosted.org/packages/b5/00/d631e67a838026495268c2f6884f3711a15a9a2a96cd244fdaea53b823fb/typing_extensions-4.14.1-py3-none-any.whl", hash = "sha256:d1e1e3b58374dc93031d6eda2420a48ea44a36c2b4766a4fdeb3710755731d76", size = 43906 },
]

[[package]]
name = "typing-inspection"
version = "0.4.1"
source = { registry = "https://pypi.org/simple" }
dependencies = [
    { name = "typing-extensions" },
]
sdist = { url = "https://files.pythonhosted.org/packages/f8/b1/0c11f5058406b3af7609f121aaa6b609744687f1d158b3c3a5bf4cc94238/typing_inspection-0.4.1.tar.gz", hash = "sha256:6ae134cc0203c33377d43188d4064e9b357dba58cff3185f22924610e70a9d28", size = 75726 }
wheels = [
    { url = "https://files.pythonhosted.org/packages/17/69/cd203477f944c353c31bade965f880aa1061fd6bf05ded0726ca845b6ff7/typing_inspection-0.4.1-py3-none-any.whl", hash = "sha256:389055682238f53b04f7badcb49b989835495a96700ced5dab2d8feae4b26f51", size = 14552 },
]

[[package]]
name = "urllib3"
version = "2.5.0"
source = { registry = "https://pypi.org/simple" }
sdist = { url = "https://files.pythonhosted.org/packages/15/22/9ee70a2574a4f4599c47dd506532914ce044817c7752a79b6a51286319bc/urllib3-2.5.0.tar.gz", hash = "sha256:3fc47733c7e419d4bc3f6b3dc2b4f890bb743906a30d56ba4a5bfa4bbff92760", size = 393185 }
wheels = [
    { url = "https://files.pythonhosted.org/packages/a7/c2/fe1e52489ae3122415c51f387e221dd0773709bad6c6cdaa599e8a2c5185/urllib3-2.5.0-py3-none-any.whl", hash = "sha256:e6b01673c0fa6a13e374b50871808eb3bf7046c4b125b216f6bf1cc604cff0dc", size = 129795 },
]

[[package]]
name = "zipp"
version = "3.23.0"
source = { registry = "https://pypi.org/simple" }
sdist = { url = "https://files.pythonhosted.org/packages/e3/02/0f2892c661036d50ede074e376733dca2ae7c6eb617489437771209d4180/zipp-3.23.0.tar.gz", hash = "sha256:a07157588a12518c9d4034df3fbbee09c814741a33ff63c05fa29d26a2404166", size = 25547 }
wheels = [
    { url = "https://files.pythonhosted.org/packages/2e/54/647ade08bf0db230bfea292f893923872fd20be6ac6f53b2b936ba839d75/zipp-3.23.0-py3-none-any.whl", hash = "sha256:071652d6115ed432f5ce1d34c336c0adfd6a884660d1e9712a256d3d3bd4b14e", size = 10276 },
]
